{
  "version": 4,
  "terraform_version": "1.2.5",
  "serial": 3,
  "lineage": "6bd2fcb7-3b41-cc6a-01c2-fa86fa55bb31",
  "outputs": {},
  "resources": [
    {
      "mode": "managed",
      "type": "google_service_account",
      "name": "default",
      "provider": "provider[\"registry.terraform.io/hashicorp/google\"]",
      "instances": [
        {
          "schema_version": 0,
          "attributes": {
            "account_id": "my-custom-sa",
            "description": "",
            "disabled": false,
            "display_name": "Service Account",
            "email": "my-custom-sa@silver-lead-358507.iam.gserviceaccount.com",
            "id": "projects/silver-lead-358507/serviceAccounts/my-custom-sa@silver-lead-358507.iam.gserviceaccount.com",
            "name": "projects/silver-lead-358507/serviceAccounts/my-custom-sa@silver-lead-358507.iam.gserviceaccount.com",
            "project": "silver-lead-358507",
            "timeouts": null,
            "unique_id": "107833597527087562997"
          },
          "sensitive_attributes": [],
          "private": "eyJlMmJmYjczMC1lY2FhLTExZTYtOGY4OC0zNDM2M2JjN2M0YzAiOnsiY3JlYXRlIjozMDAwMDAwMDAwMDB9fQ=="
        }
      ]
    }
  ]
}
